
Microsoft Visual Studio Solution File, Format Version 12.00
# Visual Studio Version 16
VisualStudioVersion = 16.0.31624.102
MinimumVisualStudioVersion = 10.0.40219.1
Project("{FAE04EC0-301F-11D3-BF4B-00C04F79EFBC}") = "SpecFlow_TestCafe", "SpecFlow_TestCafe\SpecFlow_TestCafe.csproj", "{97276C9A-DFD9-4AA9-B1FB-5CB526E35B57}"
EndProject
Global
	GlobalSection(SolutionConfigurationPlatforms) = preSolution
		Debug|Any CPU = Debug|Any CPU
		Release|Any CPU = Release|Any CPU
	EndGlobalSection
	GlobalSection(ProjectConfigurationPlatforms) = postSolution
		{97276C9A-DFD9-4AA9-B1FB-5CB526E35B57}.Debug|Any CPU.ActiveCfg = Debug|Any CPU
		{97276C9A-DFD9-4AA9-B1FB-5CB526E35B57}.Debug|Any CPU.Build.0 = Debug|Any CPU
		{97276C9A-DFD9-4AA9-B1FB-5CB526E35B57}.Release|Any CPU.ActiveCfg = Release|Any CPU
		{97276C9A-DFD9-4AA9-B1FB-5CB526E35B57}.Release|Any CPU.Build.0 = Release|Any CPU
	EndGlobalSection
	GlobalSection(SolutionProperties) = preSolution
		HideSolutionNode = FALSE
	EndGlobalSection
	GlobalSection(ExtensibilityGlobals) = postSolution
		SolutionGuid = {1A7553FA-66EE-4D31-A0BC-CA7933FEB82B}
	EndGlobalSection
EndGlobal
